<?xml version="1.0" encoding="utf-8"?>
<Project ToolsVersion="4.0" xmlns="http://schemas.microsoft.com/developer/msbuild/2003">
  <ItemGroup>
    <Filter Include="Shader">
      <UniqueIdentifier>{83917d96-96f8-4f22-a3c9-a1cbf19ea9eb}</UniqueIdentifier>
    </Filter>
    <Filter Include="Component">
      <UniqueIdentifier>{3fd9e92f-d87b-4206-92ec-7548b82c0db9}</UniqueIdentifier>
    </Filter>
    <Filter Include="Entity">
      <UniqueIdentifier>{fad7f5fc-18ec-4877-957c-83e9a037274d}</UniqueIdentifier>
    </Filter>
    <Filter Include="Util">
      <UniqueIdentifier>{557f4d6d-b3f4-4967-84d6-ce6884f5d62e}</UniqueIdentifier>
    </Filter>
    <Filter Include="Main">
      <UniqueIdentifier>{aa440ffd-ed61-4e4f-85b6-6febdc821ef2}</UniqueIdentifier>
    </Filter>
  </ItemGroup>
  <ItemGroup>
    <ClCompile Include="src\main.cpp">
      <Filter>Main</Filter>
    </ClCompile>
    <ClCompile Include="src\Component\gl_window.cpp">
      <Filter>Component</Filter>
    </ClCompile>
    <ClCompile Include="src\Entity\grid.cpp">
      <Filter>Entity</Filter>
    </ClCompile>
    <ClCompile Include="src\Component\video_render.cpp">
      <Filter>Component</Filter>
    </ClCompile>
    <ClCompile Include="src\Util\microsecond_timer.cpp">
      <Filter>Util</Filter>
    </ClCompile>
  </ItemGroup>
  <ItemGroup>
    <QtMoc Include="src\Component\gl_window.hpp">
      <Filter>Component</Filter>
    </QtMoc>
    <QtMoc Include="src\Component\video_render.hpp">
      <Filter>Component</Filter>
    </QtMoc>
    <QtMoc Include="src\Util\microsecond_timer.hpp">
      <Filter>Util</Filter>
    </QtMoc>
  </ItemGroup>
  <ItemGroup>
    <ClInclude Include="src\Shader\glsl.hpp">
      <Filter>Shader</Filter>
    </ClInclude>
    <ClInclude Include="src\Entity\grid.hpp">
      <Filter>Entity</Filter>
    </ClInclude>
  </ItemGroup>
</Project>